
Microsoft Visual Studio Solution File, Format Version 12.00
# Visual Studio 15
VisualStudioVersion = 15.0.27004.2005
MinimumVisualStudioVersion = 10.0.40219.1
Project("{FAE04EC0-301F-11D3-BF4B-00C04F79EFBC}") = "GeneralInformationSheet", "GeneralInformationSheet\GeneralInformationSheet.csproj", "{4B7AFAFD-788F-4ABE-ADA2-B6F0C2E9FD0A}"
EndProject
Global
	GlobalSection(SolutionConfigurationPlatforms) = preSolution
		Debug|Any CPU = Debug|Any CPU
		Release|Any CPU = Release|Any CPU
	EndGlobalSection
	GlobalSection(ProjectConfigurationPlatforms) = postSolution
		{4B7AFAFD-788F-4ABE-ADA2-B6F0C2E9FD0A}.Debug|Any CPU.ActiveCfg = Debug|Any CPU
		{4B7AFAFD-788F-4ABE-ADA2-B6F0C2E9FD0A}.Debug|Any CPU.Build.0 = Debug|Any CPU
		{4B7AFAFD-788F-4ABE-ADA2-B6F0C2E9FD0A}.Release|Any CPU.ActiveCfg = Release|Any CPU
		{4B7AFAFD-788F-4ABE-ADA2-B6F0C2E9FD0A}.Release|Any CPU.Build.0 = Release|Any CPU
	EndGlobalSection
	GlobalSection(SolutionProperties) = preSolution
		HideSolutionNode = FALSE
	EndGlobalSection
	GlobalSection(ExtensibilityGlobals) = postSolution
		SolutionGuid = {F9F043F9-C084-4FC4-ACAE-48ED5BF216D6}
	EndGlobalSection
EndGlobal
